
Microsoft Visual Studio Solution File, Format Version 12.00
# Visual Studio Version 17
VisualStudioVersion = 17.1.32407.343
MinimumVisualStudioVersion = 10.0.40219.1
Project("{9A19103F-16F7-4668-BE54-9A1E7A4F7556}") = "aiPriceGuard.Api", "aiPriceGuard.Api\aiPriceGuard.Api.csproj", "{2A96AA8A-89DC-4800-A4CB-1DC68A78C082}"
EndProject
Project("{E24C65DC-7377-472B-9ABA-BC803B73C61A}") = "aiPriceGuard.NgUI", "aiPriceGuard.NgUI\", "{A5B6D674-0994-481E-AADB-EB5AD9EEE82F}"
	ProjectSection(WebsiteProperties) = preProject
		TargetFrameworkMoniker = ".NETFramework,Version%3Dv4.5"
		Debug.AspNetCompiler.VirtualPath = "/localhost_48902"
		Debug.AspNetCompiler.PhysicalPath = "aiPriceGuard.NgUI\"
		Debug.AspNetCompiler.TargetPath = "PrecompiledWeb\localhost_48902\"
		Debug.AspNetCompiler.Updateable = "true"
		Debug.AspNetCompiler.ForceOverwrite = "true"
		Debug.AspNetCompiler.FixedNames = "false"
		Debug.AspNetCompiler.Debug = "True"
		Release.AspNetCompiler.VirtualPath = "/localhost_48902"
		Release.AspNetCompiler.PhysicalPath = "aiPriceGuard.NgUI\"
		Release.AspNetCompiler.TargetPath = "PrecompiledWeb\localhost_48902\"
		Release.AspNetCompiler.Updateable = "true"
		Release.AspNetCompiler.ForceOverwrite = "true"
		Release.AspNetCompiler.FixedNames = "false"
		Release.AspNetCompiler.Debug = "False"
		VWDPort = "48902"
		SlnRelativePath = "aiPriceGuard.NgUI\"
	EndProjectSection
EndProject
Project("{E24C65DC-7377-472B-9ABA-BC803B73C61A}") = "aiPriceGuard.NgUI.Admin", "aiPriceGuard.NgUI.Admin\", "{72D04238-1455-467C-9930-95F09EE5BFB8}"
	ProjectSection(WebsiteProperties) = preProject
		TargetFrameworkMoniker = ".NETFramework,Version%3Dv4.5"
		Debug.AspNetCompiler.VirtualPath = "/localhost_48905"
		Debug.AspNetCompiler.PhysicalPath = "aiPriceGuard.NgUI.Admin\"
		Debug.AspNetCompiler.TargetPath = "PrecompiledWeb\localhost_48905\"
		Debug.AspNetCompiler.Updateable = "true"
		Debug.AspNetCompiler.ForceOverwrite = "true"
		Debug.AspNetCompiler.FixedNames = "false"
		Debug.AspNetCompiler.Debug = "True"
		Release.AspNetCompiler.VirtualPath = "/localhost_48905"
		Release.AspNetCompiler.PhysicalPath = "aiPriceGuard.NgUI.Admin\"
		Release.AspNetCompiler.TargetPath = "PrecompiledWeb\localhost_48905\"
		Release.AspNetCompiler.Updateable = "true"
		Release.AspNetCompiler.ForceOverwrite = "true"
		Release.AspNetCompiler.FixedNames = "false"
		Release.AspNetCompiler.Debug = "False"
		VWDPort = "48905"
		SlnRelativePath = "aiPriceGuard.NgUI.Admin\"
	EndProjectSection
EndProject
Project("{9A19103F-16F7-4668-BE54-9A1E7A4F7556}") = "aiPriceGuard.Models", "Models\aiPriceGuard.Models.csproj", "{0C18D439-7568-49D1-AC21-17D74EB27B24}"
EndProject
Project("{9A19103F-16F7-4668-BE54-9A1E7A4F7556}") = "aiPriceGuard.Shared", "aiPriceGuard.Shared\aiPriceGuard.Shared.csproj", "{FEAED4F3-F314-4F7F-914A-8204EE59A5C7}"
EndProject
Project("{9A19103F-16F7-4668-BE54-9A1E7A4F7556}") = "aiPriceGuard.DataAccess", "aiPriceGuard.DataAccess\aiPriceGuard.DataAccess.csproj", "{B2901B6E-70F4-4D72-9C0D-BD2B92B83813}"
EndProject
Project("{FAE04EC0-301F-11D3-BF4B-00C04F79EFBC}") = "aiPriceGuard.Api.Services", "aiPriceGuard.Api.Services\aiPriceGuard.Api.Services.csproj", "{3E747D3F-A4AD-454D-9787-8303CBD470B1}"
EndProject
Global
	GlobalSection(SolutionConfigurationPlatforms) = preSolution
		Debug|Any CPU = Debug|Any CPU
		Release|Any CPU = Release|Any CPU
	EndGlobalSection
	GlobalSection(ProjectConfigurationPlatforms) = postSolution
		{2A96AA8A-89DC-4800-A4CB-1DC68A78C082}.Debug|Any CPU.ActiveCfg = Debug|Any CPU
		{2A96AA8A-89DC-4800-A4CB-1DC68A78C082}.Debug|Any CPU.Build.0 = Debug|Any CPU
		{2A96AA8A-89DC-4800-A4CB-1DC68A78C082}.Release|Any CPU.ActiveCfg = Release|Any CPU
		{2A96AA8A-89DC-4800-A4CB-1DC68A78C082}.Release|Any CPU.Build.0 = Release|Any CPU
		{A5B6D674-0994-481E-AADB-EB5AD9EEE82F}.Debug|Any CPU.ActiveCfg = Debug|Any CPU
		{A5B6D674-0994-481E-AADB-EB5AD9EEE82F}.Debug|Any CPU.Build.0 = Debug|Any CPU
		{A5B6D674-0994-481E-AADB-EB5AD9EEE82F}.Release|Any CPU.ActiveCfg = Debug|Any CPU
		{A5B6D674-0994-481E-AADB-EB5AD9EEE82F}.Release|Any CPU.Build.0 = Debug|Any CPU
		{72D04238-1455-467C-9930-95F09EE5BFB8}.Debug|Any CPU.ActiveCfg = Debug|Any CPU
		{72D04238-1455-467C-9930-95F09EE5BFB8}.Debug|Any CPU.Build.0 = Debug|Any CPU
		{72D04238-1455-467C-9930-95F09EE5BFB8}.Release|Any CPU.ActiveCfg = Debug|Any CPU
		{72D04238-1455-467C-9930-95F09EE5BFB8}.Release|Any CPU.Build.0 = Debug|Any CPU
		{0C18D439-7568-49D1-AC21-17D74EB27B24}.Debug|Any CPU.ActiveCfg = Debug|Any CPU
		{0C18D439-7568-49D1-AC21-17D74EB27B24}.Debug|Any CPU.Build.0 = Debug|Any CPU
		{0C18D439-7568-49D1-AC21-17D74EB27B24}.Release|Any CPU.ActiveCfg = Release|Any CPU
		{0C18D439-7568-49D1-AC21-17D74EB27B24}.Release|Any CPU.Build.0 = Release|Any CPU
		{FEAED4F3-F314-4F7F-914A-8204EE59A5C7}.Debug|Any CPU.ActiveCfg = Debug|Any CPU
		{FEAED4F3-F314-4F7F-914A-8204EE59A5C7}.Debug|Any CPU.Build.0 = Debug|Any CPU
		{FEAED4F3-F314-4F7F-914A-8204EE59A5C7}.Release|Any CPU.ActiveCfg = Release|Any CPU
		{FEAED4F3-F314-4F7F-914A-8204EE59A5C7}.Release|Any CPU.Build.0 = Release|Any CPU
		{B2901B6E-70F4-4D72-9C0D-BD2B92B83813}.Debug|Any CPU.ActiveCfg = Debug|Any CPU
		{B2901B6E-70F4-4D72-9C0D-BD2B92B83813}.Debug|Any CPU.Build.0 = Debug|Any CPU
		{B2901B6E-70F4-4D72-9C0D-BD2B92B83813}.Release|Any CPU.ActiveCfg = Release|Any CPU
		{B2901B6E-70F4-4D72-9C0D-BD2B92B83813}.Release|Any CPU.Build.0 = Release|Any CPU
		{3E747D3F-A4AD-454D-9787-8303CBD470B1}.Debug|Any CPU.ActiveCfg = Debug|Any CPU
		{3E747D3F-A4AD-454D-9787-8303CBD470B1}.Debug|Any CPU.Build.0 = Debug|Any CPU
		{3E747D3F-A4AD-454D-9787-8303CBD470B1}.Release|Any CPU.ActiveCfg = Release|Any CPU
		{3E747D3F-A4AD-454D-9787-8303CBD470B1}.Release|Any CPU.Build.0 = Release|Any CPU
	EndGlobalSection
	GlobalSection(SolutionProperties) = preSolution
		HideSolutionNode = FALSE
	EndGlobalSection
	GlobalSection(ExtensibilityGlobals) = postSolution
		SolutionGuid = {38F424ED-DC7A-4E5B-991E-694ACD1331EC}
	EndGlobalSection
EndGlobal
