
Microsoft Visual Studio Solution File, Format Version 12.00
# Visual Studio Version 17
VisualStudioVersion = 17.1.32407.343
MinimumVisualStudioVersion = 10.0.40219.1
Project("{FAE04EC0-301F-11D3-BF4B-00C04F79EFBC}") = "WebApplication1", "WebApplication1\WebApplication1.csproj", "{AC4AA135-10CA-4AD0-829B-55EC447C5DFF}"
EndProject
Global
	GlobalSection(SolutionConfigurationPlatforms) = preSolution
		Debug|Any CPU = Debug|Any CPU
		Release|Any CPU = Release|Any CPU
	EndGlobalSection
	GlobalSection(ProjectConfigurationPlatforms) = postSolution
		{AC4AA135-10CA-4AD0-829B-55EC447C5DFF}.Debug|Any CPU.ActiveCfg = Debug|Any CPU
		{AC4AA135-10CA-4AD0-829B-55EC447C5DFF}.Debug|Any CPU.Build.0 = Debug|Any CPU
		{AC4AA135-10CA-4AD0-829B-55EC447C5DFF}.Release|Any CPU.ActiveCfg = Release|Any CPU
		{AC4AA135-10CA-4AD0-829B-55EC447C5DFF}.Release|Any CPU.Build.0 = Release|Any CPU
	EndGlobalSection
	GlobalSection(SolutionProperties) = preSolution
		HideSolutionNode = FALSE
	EndGlobalSection
	GlobalSection(ExtensibilityGlobals) = postSolution
		SolutionGuid = {6285633D-AAAC-47CA-BD83-E276B31AA374}
	EndGlobalSection
EndGlobal
